
Microsoft Visual Studio Solution File, Format Version 12.00
Project("{2150E333-8FDC-42A3-9474-1A3956D46DE8}") = "doc", "doc", "{0F488511-DEC0-41CF-B83D-04CD238369DB}"
EndProject
Project("{2150E333-8FDC-42A3-9474-1A3956D46DE8}") = "src", "src", "{7DE79E90-F5DD-41D0-8F19-A5A380813598}"
EndProject
Project("{2150E333-8FDC-42A3-9474-1A3956D46DE8}") = "test", "test", "{63AD0093-B388-4AB9-B605-4A7E64E40873}"
EndProject
Project("{2150E333-8FDC-42A3-9474-1A3956D46DE8}") = "API", "API", "{FCB3BC05-4286-4D74-9E70-A68A2F73E006}"
EndProject
Project("{2150E333-8FDC-42A3-9474-1A3956D46DE8}") = "Core", "Core", "{EB89853A-B05A-4E44-9C9F-7D6E1F218CE8}"
EndProject
Project("{2150E333-8FDC-42A3-9474-1A3956D46DE8}") = "Infrastructure", "Infrastructure", "{21ABDE0F-B925-423F-A900-DDB4F5B6DC61}"
EndProject
Project("{FAE04EC0-301F-11D3-BF4B-00C04F79EFBC}") = "CleanArchitecture.API", "CleanArchitecture.API\CleanArchitecture.API.csproj", "{F62048CD-8289-4652-AF7C-E59979515ECD}"
EndProject
Project("{FAE04EC0-301F-11D3-BF4B-00C04F79EFBC}") = "CleanArchitecture.Application", "CleanArchitecture.Application\CleanArchitecture.Application.csproj", "{6A51036A-D351-4E6F-906E-05BE23CEC4E9}"
EndProject
Project("{FAE04EC0-301F-11D3-BF4B-00C04F79EFBC}") = "CleanArchitecture.Infrastructure", "CleanArchitecture.Infrastructure\CleanArchitecture.Infrastructure.csproj", "{71C1AE0F-6917-40E7-B1B3-17F8B4F0A158}"
EndProject
Project("{FAE04EC0-301F-11D3-BF4B-00C04F79EFBC}") = "CleanArchitecture.Domain", "CleanArchitecture.Domain\CleanArchitecture.Domain.csproj", "{32AED581-5E09-4D8B-88AE-D7B97AF1E165}"
EndProject
Global
	GlobalSection(SolutionConfigurationPlatforms) = preSolution
		Debug|Any CPU = Debug|Any CPU
		Release|Any CPU = Release|Any CPU
	EndGlobalSection
	GlobalSection(NestedProjects) = preSolution
		{FCB3BC05-4286-4D74-9E70-A68A2F73E006} = {7DE79E90-F5DD-41D0-8F19-A5A380813598}
		{EB89853A-B05A-4E44-9C9F-7D6E1F218CE8} = {7DE79E90-F5DD-41D0-8F19-A5A380813598}
		{21ABDE0F-B925-423F-A900-DDB4F5B6DC61} = {7DE79E90-F5DD-41D0-8F19-A5A380813598}
		{F62048CD-8289-4652-AF7C-E59979515ECD} = {FCB3BC05-4286-4D74-9E70-A68A2F73E006}
		{6A51036A-D351-4E6F-906E-05BE23CEC4E9} = {EB89853A-B05A-4E44-9C9F-7D6E1F218CE8}
		{71C1AE0F-6917-40E7-B1B3-17F8B4F0A158} = {21ABDE0F-B925-423F-A900-DDB4F5B6DC61}
		{32AED581-5E09-4D8B-88AE-D7B97AF1E165} = {EB89853A-B05A-4E44-9C9F-7D6E1F218CE8}
	EndGlobalSection
	GlobalSection(ProjectConfigurationPlatforms) = postSolution
		{F62048CD-8289-4652-AF7C-E59979515ECD}.Debug|Any CPU.ActiveCfg = Debug|Any CPU
		{F62048CD-8289-4652-AF7C-E59979515ECD}.Debug|Any CPU.Build.0 = Debug|Any CPU
		{F62048CD-8289-4652-AF7C-E59979515ECD}.Release|Any CPU.ActiveCfg = Release|Any CPU
		{F62048CD-8289-4652-AF7C-E59979515ECD}.Release|Any CPU.Build.0 = Release|Any CPU
		{6A51036A-D351-4E6F-906E-05BE23CEC4E9}.Debug|Any CPU.ActiveCfg = Debug|Any CPU
		{6A51036A-D351-4E6F-906E-05BE23CEC4E9}.Debug|Any CPU.Build.0 = Debug|Any CPU
		{6A51036A-D351-4E6F-906E-05BE23CEC4E9}.Release|Any CPU.ActiveCfg = Release|Any CPU
		{6A51036A-D351-4E6F-906E-05BE23CEC4E9}.Release|Any CPU.Build.0 = Release|Any CPU
		{71C1AE0F-6917-40E7-B1B3-17F8B4F0A158}.Debug|Any CPU.ActiveCfg = Debug|Any CPU
		{71C1AE0F-6917-40E7-B1B3-17F8B4F0A158}.Debug|Any CPU.Build.0 = Debug|Any CPU
		{71C1AE0F-6917-40E7-B1B3-17F8B4F0A158}.Release|Any CPU.ActiveCfg = Release|Any CPU
		{71C1AE0F-6917-40E7-B1B3-17F8B4F0A158}.Release|Any CPU.Build.0 = Release|Any CPU
		{32AED581-5E09-4D8B-88AE-D7B97AF1E165}.Debug|Any CPU.ActiveCfg = Debug|Any CPU
		{32AED581-5E09-4D8B-88AE-D7B97AF1E165}.Debug|Any CPU.Build.0 = Debug|Any CPU
		{32AED581-5E09-4D8B-88AE-D7B97AF1E165}.Release|Any CPU.ActiveCfg = Release|Any CPU
		{32AED581-5E09-4D8B-88AE-D7B97AF1E165}.Release|Any CPU.Build.0 = Release|Any CPU
	EndGlobalSection
EndGlobal
